{
    "_readme": [
        "This file locks the dependencies of your project to a known state",
        "Read more about it at https://getcomposer.org/doc/01-basic-usage.md#installing-dependencies",
        "This file is @generated automatically"
    ],
    "content-hash": "ec4c678e5a67e5b4a857518df74ce524",
    "packages": [
        {
            "name": "collizo4sky/persist-admin-notices-dismissal",
            "version": "1.4.3",
            "source": {
                "type": "git",
                "url": "https://github.com/collizo4sky/persist-admin-notices-dismissal.git",
                "reference": "2d7d8bb3cba631ad227c92296a4b675d7cbc71d7"
            },
            "dist": {
                "type": "zip",
                "url": "https://api.github.com/repos/collizo4sky/persist-admin-notices-dismissal/zipball/2d7d8bb3cba631ad227c92296a4b675d7cbc71d7",
                "reference": "2d7d8bb3cba631ad227c92296a4b675d7cbc71d7",
                "shasum": ""
            },
            "type": "library",
            "autoload": {
                "classmap": [
                    "persist-admin-notices-dismissal.php"
                ]
            },
            "notification-url": "https://packagist.org/downloads/",
            "authors": [
                {
                    "name": "Collins Agbonghama",
                    "email": "me@w3guy.com"
                }
            ],
            "description": "Simple library to persist dismissal of admin notices across pages in WordPress dashboard.",
            "time": "2019-03-12T05:19:51+00:00"
        },
        {
            "name": "freemius/wordpress-sdk",
            "version": "2.3.1",
            "source": {
                "type": "git",
                "url": "https://github.com/Freemius/wordpress-sdk.git",
                "reference": "d033b766e42e7f321908b56768245ea0957f75c8"
            },
            "dist": {
                "type": "zip",
                "url": "https://api.github.com/repos/Freemius/wordpress-sdk/zipball/d033b766e42e7f321908b56768245ea0957f75c8",
                "reference": "d033b766e42e7f321908b56768245ea0957f75c8",
                "shasum": ""
            },
            "require": {
                "php": ">=5.2"
            },
            "type": "library",
            "notification-url": "https://packagist.org/downloads/",
            "license": [
                "GPL-3.0-only"
            ],
            "description": "Freemius WordPress SDK",
            "homepage": "https://freemius.com",
            "keywords": [
                "freemius",
                "plugin",
                "sdk",
                "theme",
                "wordpress",
                "wordpress-plugin",
                "wordpress-theme"
            ],
            "time": "2019-10-07T15:59:14+00:00"
        }
    ],
    "packages-dev": [],
    "aliases": [],
    "minimum-stability": "stable",
    "stability-flags": [],
    "prefer-stable": false,
    "prefer-lowest": false,
    "platform": [],
    "platform-dev": []
}
